
Microsoft Visual Studio Solution File, Format Version 12.00
# Visual Studio Version 17
VisualStudioVersion = 17.1.32319.34
MinimumVisualStudioVersion = 10.0.40219.1
Project("{FAE04EC0-301F-11D3-BF4B-00C04F79EFBC}") = "PROJECT_3_Q2_MICROINFORMATIC", "PROJECT_3_Q2_MICROINFORMATIC\PROJECT_3_Q2_MICROINFORMATIC.csproj", "{2999F617-3266-4084-9F67-0637A70D14E8}"
EndProject
Global
	GlobalSection(SolutionConfigurationPlatforms) = preSolution
		Debug|Any CPU = Debug|Any CPU
		Release|Any CPU = Release|Any CPU
	EndGlobalSection
	GlobalSection(ProjectConfigurationPlatforms) = postSolution
		{2999F617-3266-4084-9F67-0637A70D14E8}.Debug|Any CPU.ActiveCfg = Debug|Any CPU
		{2999F617-3266-4084-9F67-0637A70D14E8}.Debug|Any CPU.Build.0 = Debug|Any CPU
		{2999F617-3266-4084-9F67-0637A70D14E8}.Release|Any CPU.ActiveCfg = Release|Any CPU
		{2999F617-3266-4084-9F67-0637A70D14E8}.Release|Any CPU.Build.0 = Release|Any CPU
	EndGlobalSection
	GlobalSection(SolutionProperties) = preSolution
		HideSolutionNode = FALSE
	EndGlobalSection
	GlobalSection(ExtensibilityGlobals) = postSolution
		SolutionGuid = {E8C968D7-5459-4B22-B68F-BB72567CFA15}
	EndGlobalSection
EndGlobal
